
Microsoft Visual Studio Solution File, Format Version 12.00
# Visual Studio Version 17
VisualStudioVersion = 17.2.32526.322
MinimumVisualStudioVersion = 10.0.40219.1
Project("{FAE04EC0-301F-11D3-BF4B-00C04F79EFBC}") = "WinFormsSample", "WinFormsSample.csproj", "{FFD70C68-4482-4D41-95FB-03F6776C1144}"
EndProject
Global
	GlobalSection(SolutionConfigurationPlatforms) = preSolution
		Debug|Any CPU = Debug|Any CPU
		Release|Any CPU = Release|Any CPU
	EndGlobalSection
	GlobalSection(ProjectConfigurationPlatforms) = postSolution
		{FFD70C68-4482-4D41-95FB-03F6776C1144}.Debug|Any CPU.ActiveCfg = Debug|Any CPU
		{FFD70C68-4482-4D41-95FB-03F6776C1144}.Debug|Any CPU.Build.0 = Debug|Any CPU
		{FFD70C68-4482-4D41-95FB-03F6776C1144}.Release|Any CPU.ActiveCfg = Release|Any CPU
		{FFD70C68-4482-4D41-95FB-03F6776C1144}.Release|Any CPU.Build.0 = Release|Any CPU
	EndGlobalSection
	GlobalSection(SolutionProperties) = preSolution
		HideSolutionNode = FALSE
	EndGlobalSection
	GlobalSection(ExtensibilityGlobals) = postSolution
		SolutionGuid = {0AD3517E-F2AD-4D0D-838A-92F23C89CADA}
	EndGlobalSection
EndGlobal
